
Microsoft Visual Studio Solution File, Format Version 12.00
# Visual Studio Version 17
VisualStudioVersion = 17.11.35327.3
MinimumVisualStudioVersion = 10.0.40219.1
Project("{FAE04EC0-301F-11D3-BF4B-00C04F79EFBC}") = "CadastroCliente", "CadastroCliente.csproj", "{3BE2864F-CFD4-42F9-8DEE-417F67226B80}"
EndProject
Global
	GlobalSection(SolutionConfigurationPlatforms) = preSolution
		Debug|Any CPU = Debug|Any CPU
		Release|Any CPU = Release|Any CPU
	EndGlobalSection
	GlobalSection(ProjectConfigurationPlatforms) = postSolution
		{3BE2864F-CFD4-42F9-8DEE-417F67226B80}.Debug|Any CPU.ActiveCfg = Debug|Any CPU
		{3BE2864F-CFD4-42F9-8DEE-417F67226B80}.Debug|Any CPU.Build.0 = Debug|Any CPU
		{3BE2864F-CFD4-42F9-8DEE-417F67226B80}.Release|Any CPU.ActiveCfg = Release|Any CPU
		{3BE2864F-CFD4-42F9-8DEE-417F67226B80}.Release|Any CPU.Build.0 = Release|Any CPU
	EndGlobalSection
	GlobalSection(SolutionProperties) = preSolution
		HideSolutionNode = FALSE
	EndGlobalSection
	GlobalSection(ExtensibilityGlobals) = postSolution
		SolutionGuid = {79299B09-1AB8-4B10-891A-F69E55E5E4B0}
	EndGlobalSection
EndGlobal
